https://github.com/korlibs/korge-box2d.git/korge-box2d#0.0.2 ::: 888a28de45cc72270bb02a43e09acc40f82d956c:030a0bf0fff10c03f80cfdf1f0fe05f50204f3f300fa05080b08f2f10c0c00f7
https://github.com/korlibs/korge-box2d.git/korge-box2d#v0.1.1 ::: 5d3ead41419d3072d3ba7d470f92f0fd7290205c:fa04ff00fef3fc03fcfaf4f20b01fafefbfef60f0701fffa0e070108f0f401f3
https://github.com/korlibs/korge-dragonbones.git/korge-dragonbones#v0.0.5 ::: e82e3f49753f6231532c44d9b5cfda03660098a0:0cfc0cf0070904f20e0603f10c0e090105ff0a0f0c03fa0d000a0a090ff507f6
https://github.com/korlibs/korge-dragonbones.git/korge-dragonbones#v1.0.1 ::: bffd9e721d66411dce25937042add6d1d7fc1bc3:fa0608f303f40df7040ff7fd0ff605f00105f9f7fe090e0e080efd0700f500f7
https://github.com/korlibs/korge-k3d.git/korge-k3d#v0.0.3 ::: f1fb3c4db97c87b9543e14cf6788dd6dd6b6b931:f7000c0902f006070af107070dfb01fc000d0909f207f0f3f207f308f40806fb
https://github.com/korlibs/korge-k3d.git/korge-k3d#v0.0.4 ::: 93252fd5dc83c2626113ebc1b5e910990ab27a35:fafe020000fa01f5f105faf406fd010df7f40802050ffc0ff00f0ef60ffe0af7
https://github.com/korlibs/korge-ldtk.git/korge-ldtk#v0.0.4 ::: a4e753a009531dc1206b421f8bd9eeee0274a126:05fa02f4f8faf6f0f0fe0306fff90df5000ef4f0f3fdf3f40708f10c08f705f8
https://github.com/korlibs/korge-ldtk.git/korge-ldtk#v1.0.1 ::: 1449331b57dc2828b686a0fc3b120b45ddaa0973:fefc01fef80bf6f10502fbf5f501fff20df40df6fefffc0efa0dfaf30e07f90c
https://github.com/korlibs/korge-spine.git/korge-spine#v0.0.3 ::: 397698e8da9b8d790fb7b99146a1687da74fa3f0:fafc09040ff2f1f604fafd0304050ff4fbfcf3f0f5f301000706f8f304f90305
https://github.com/korlibs/korge-spine.git/korge-spine#v1.0.1 ::: b69259d954b0cd421b990300477ba981cfab2962:fcf0070008020c0b0c0d08f905fd0dfef106fa08f2f5fc09f70af40908f701f2
https://github.com/korlibs/korge-virtualcontroller.git/korge-virtualcontroller#0.0.4 ::: 2e465059da35e9fb813ae87f40e6a11f68152cf7:f9fbfbfaf108fc0afe03fff9f4f3fb070b05f0f201f7f4f50c07fa0c07fcf7fb
https://github.com/korlibs/korge-virtualcontroller.git/korge-virtualcontroller#v1.0.1 ::: 5cf53caa4eb4d8cdd550751aeb12e95633624160:0b02fb06f0000002f5f6f2f002fd00fff4f4f90a040307f207f8ff06fff5fef5
