https://github.com/korlibs/korge-box2d.git/korge-box2d#0.0.2 ::: 888a28de45cc72270bb02a43e09acc40f82d956c:030a0bf0fff10c03f80cfdf1f0fe05f50204f3f300fa05080b08f2f10c0c00f7
https://github.com/korlibs/korge-dragonbones.git/korge-dragonbones#0.0.4 ::: 84735fb83df956e2532eb32deac7e85c4679be74:000a02f6040ef1f7070102fcfc08f0fefaf9f602f3f9f3fcf8fb04f60e05f60f
https://github.com/korlibs/korge-dragonbones.git/korge-dragonbones#v0.0.5 ::: e82e3f49753f6231532c44d9b5cfda03660098a0:0cfc0cf0070904f20e0603f10c0e090105ff0a0f0c03fa0d000a0a090ff507f6
https://github.com/korlibs/korge-spine.git/korge-spine#0.0.1 ::: a9ba3d08ae8ad9fc116bfecd0cc1d115782a6194:f0f9f3f10203fa0007f607090c0efaf4f3fefc09f7f8f1fe03080908f4f9f9ff
