https://github.com/korlibs/korge-box2d.git/korge-box2d#v0.1.1 ::: 5d3ead41419d3072d3ba7d470f92f0fd7290205c:fa04ff00fef3fc03fcfaf4f20b01fafefbfef60f0701fffa0e070108f0f401f3
https://github.com/korlibs/korge-dragonbones.git/korge-dragonbones#v1.0.1 ::: bffd9e721d66411dce25937042add6d1d7fc1bc3:fa0608f303f40df7040ff7fd0ff605f00105f9f7fe090e0e080efd0700f500f7
https://github.com/korlibs/korge-ext.git/korma-tile-matching/korma-tile-matching#v0.1.3 ::: 2a331af4bab999c105c5f945b152e5f95dbf49f1:ff04f5020a06070f03f7fdf90a0409ff07080600f203f50905fe05fdfa030009
https://github.com/korlibs/korge-k3d.git/korge-k3d#v0.0.4 ::: 93252fd5dc83c2626113ebc1b5e910990ab27a35:fafe020000fa01f5f105faf406fd010df7f40802050ffc0ff00f0ef60ffe0af7
https://github.com/korlibs/korge-ldtk.git/korge-ldtk#v1.0.1 ::: 1449331b57dc2828b686a0fc3b120b45ddaa0973:fefc01fef80bf6f10502fbf5f501fff20df40df6fefffc0efa0dfaf30e07f90c
https://github.com/korlibs/korge-spine.git/korge-spine#v1.0.2 ::: daad58c21930295c293fff84036c518b0c5f5daa:fef0f7f6f0010dfa02040106010b050b0dfa04f6f0010f0cf4fb0b0d0508f3fc
https://github.com/korlibs/korge-swf.git/korge-swf#v1.0.3 ::: 50ee8803784cded4fb9d5a75715ec720574d8c7e:f8f209fe060bf9060102f706fb09f2050d02070f08fcfd0801f6fb0af9fc0706
https://github.com/korlibs/korge-virtualcontroller.git/korge-virtualcontroller#v1.0.1 ::: 5cf53caa4eb4d8cdd550751aeb12e95633624160:0b02fb06f0000002f5f6f2f002fd00fff4f4f90a040307f207f8ff06fff5fef5
